
Microsoft Visual Studio Solution File, Format Version 12.00
# Visual Studio Version 16
VisualStudioVersion = 25.0.1706.7
MinimumVisualStudioVersion = 10.0.40219.1
Project("{FAE04EC0-301F-11D3-BF4B-00C04F79EFBC}") = "FirstApp", "FirstApp\FirstApp.csproj", "{6CAC5BD5-05C5-4872-8619-69FA668412EC}"
EndProject
Global
	GlobalSection(SolutionConfigurationPlatforms) = preSolution
		Debug|Any CPU = Debug|Any CPU
		Release|Any CPU = Release|Any CPU
	EndGlobalSection
	GlobalSection(ProjectConfigurationPlatforms) = postSolution
		{6CAC5BD5-05C5-4872-8619-69FA668412EC}.Debug|Any CPU.ActiveCfg = Debug|Any CPU
		{6CAC5BD5-05C5-4872-8619-69FA668412EC}.Debug|Any CPU.Build.0 = Debug|Any CPU
		{6CAC5BD5-05C5-4872-8619-69FA668412EC}.Release|Any CPU.ActiveCfg = Release|Any CPU
		{6CAC5BD5-05C5-4872-8619-69FA668412EC}.Release|Any CPU.Build.0 = Release|Any CPU
	EndGlobalSection
	GlobalSection(SolutionProperties) = preSolution
		HideSolutionNode = FALSE
	EndGlobalSection
	GlobalSection(ExtensibilityGlobals) = postSolution
		SolutionGuid = {28F9E95A-305D-4347-8AF6-B53752050546}
	EndGlobalSection
EndGlobal
