
Microsoft Visual Studio Solution File, Format Version 12.00
# Visual Studio Version 16
VisualStudioVersion = 25.0.1706.3
MinimumVisualStudioVersion = 10.0.40219.1
Project("{FAE04EC0-301F-11D3-BF4B-00C04F79EFBC}") = "Layouts.Android", "Layouts\Layouts.Android\Layouts.Android.csproj", "{E08EAD5A-8D03-4E87-8715-3A5A6F87036F}"
EndProject
Project("{FAE04EC0-301F-11D3-BF4B-00C04F79EFBC}") = "Layouts.iOS", "Layouts\Layouts.iOS\Layouts.iOS.csproj", "{6323BB8D-9C71-4A45-BBA0-7F86ECA3D357}"
EndProject
Project("{FAE04EC0-301F-11D3-BF4B-00C04F79EFBC}") = "Layouts", "Layouts\Layouts\Layouts.csproj", "{E2689D46-3AC6-4B3D-93F3-DE75FE838F8D}"
EndProject
Global
	GlobalSection(SolutionConfigurationPlatforms) = preSolution
		Debug|Any CPU = Debug|Any CPU
		Release|Any CPU = Release|Any CPU
		Debug|iPhoneSimulator = Debug|iPhoneSimulator
		Release|iPhoneSimulator = Release|iPhoneSimulator
		Debug|iPhone = Debug|iPhone
		Release|iPhone = Release|iPhone
	EndGlobalSection
	GlobalSection(ProjectConfigurationPlatforms) = postSolution
		{E08EAD5A-8D03-4E87-8715-3A5A6F87036F}.Debug|Any CPU.ActiveCfg = Debug|Any CPU
		{E08EAD5A-8D03-4E87-8715-3A5A6F87036F}.Debug|Any CPU.Build.0 = Debug|Any CPU
		{E08EAD5A-8D03-4E87-8715-3A5A6F87036F}.Release|Any CPU.ActiveCfg = Release|Any CPU
		{E08EAD5A-8D03-4E87-8715-3A5A6F87036F}.Release|Any CPU.Build.0 = Release|Any CPU
		{E08EAD5A-8D03-4E87-8715-3A5A6F87036F}.Debug|iPhoneSimulator.ActiveCfg = Debug|Any CPU
		{E08EAD5A-8D03-4E87-8715-3A5A6F87036F}.Debug|iPhoneSimulator.Build.0 = Debug|Any CPU
		{E08EAD5A-8D03-4E87-8715-3A5A6F87036F}.Release|iPhoneSimulator.ActiveCfg = Release|Any CPU
		{E08EAD5A-8D03-4E87-8715-3A5A6F87036F}.Release|iPhoneSimulator.Build.0 = Release|Any CPU
		{E08EAD5A-8D03-4E87-8715-3A5A6F87036F}.Debug|iPhone.ActiveCfg = Debug|Any CPU
		{E08EAD5A-8D03-4E87-8715-3A5A6F87036F}.Debug|iPhone.Build.0 = Debug|Any CPU
		{E08EAD5A-8D03-4E87-8715-3A5A6F87036F}.Release|iPhone.ActiveCfg = Release|Any CPU
		{E08EAD5A-8D03-4E87-8715-3A5A6F87036F}.Release|iPhone.Build.0 = Release|Any CPU
		{6323BB8D-9C71-4A45-BBA0-7F86ECA3D357}.Debug|Any CPU.ActiveCfg = Debug|iPhoneSimulator
		{6323BB8D-9C71-4A45-BBA0-7F86ECA3D357}.Debug|Any CPU.Build.0 = Debug|iPhoneSimulator
		{6323BB8D-9C71-4A45-BBA0-7F86ECA3D357}.Release|Any CPU.ActiveCfg = Release|iPhoneSimulator
		{6323BB8D-9C71-4A45-BBA0-7F86ECA3D357}.Release|Any CPU.Build.0 = Release|iPhoneSimulator
		{6323BB8D-9C71-4A45-BBA0-7F86ECA3D357}.Debug|iPhoneSimulator.ActiveCfg = Debug|iPhoneSimulator
		{6323BB8D-9C71-4A45-BBA0-7F86ECA3D357}.Debug|iPhoneSimulator.Build.0 = Debug|iPhoneSimulator
		{6323BB8D-9C71-4A45-BBA0-7F86ECA3D357}.Release|iPhoneSimulator.ActiveCfg = Release|iPhoneSimulator
		{6323BB8D-9C71-4A45-BBA0-7F86ECA3D357}.Release|iPhoneSimulator.Build.0 = Release|iPhoneSimulator
		{6323BB8D-9C71-4A45-BBA0-7F86ECA3D357}.Debug|iPhone.ActiveCfg = Debug|iPhone
		{6323BB8D-9C71-4A45-BBA0-7F86ECA3D357}.Debug|iPhone.Build.0 = Debug|iPhone
		{6323BB8D-9C71-4A45-BBA0-7F86ECA3D357}.Release|iPhone.ActiveCfg = Release|iPhone
		{6323BB8D-9C71-4A45-BBA0-7F86ECA3D357}.Release|iPhone.Build.0 = Release|iPhone
		{E2689D46-3AC6-4B3D-93F3-DE75FE838F8D}.Debug|Any CPU.ActiveCfg = Debug|Any CPU
		{E2689D46-3AC6-4B3D-93F3-DE75FE838F8D}.Debug|Any CPU.Build.0 = Debug|Any CPU
		{E2689D46-3AC6-4B3D-93F3-DE75FE838F8D}.Release|Any CPU.ActiveCfg = Release|Any CPU
		{E2689D46-3AC6-4B3D-93F3-DE75FE838F8D}.Release|Any CPU.Build.0 = Release|Any CPU
		{E2689D46-3AC6-4B3D-93F3-DE75FE838F8D}.Debug|iPhoneSimulator.ActiveCfg = Debug|Any CPU
		{E2689D46-3AC6-4B3D-93F3-DE75FE838F8D}.Debug|iPhoneSimulator.Build.0 = Debug|Any CPU
		{E2689D46-3AC6-4B3D-93F3-DE75FE838F8D}.Release|iPhoneSimulator.ActiveCfg = Release|Any CPU
		{E2689D46-3AC6-4B3D-93F3-DE75FE838F8D}.Release|iPhoneSimulator.Build.0 = Release|Any CPU
		{E2689D46-3AC6-4B3D-93F3-DE75FE838F8D}.Debug|iPhone.ActiveCfg = Debug|Any CPU
		{E2689D46-3AC6-4B3D-93F3-DE75FE838F8D}.Debug|iPhone.Build.0 = Debug|Any CPU
		{E2689D46-3AC6-4B3D-93F3-DE75FE838F8D}.Release|iPhone.ActiveCfg = Release|Any CPU
		{E2689D46-3AC6-4B3D-93F3-DE75FE838F8D}.Release|iPhone.Build.0 = Release|Any CPU
	EndGlobalSection
	GlobalSection(SolutionProperties) = preSolution
		HideSolutionNode = FALSE
	EndGlobalSection
	GlobalSection(ExtensibilityGlobals) = postSolution
		SolutionGuid = {78F3213E-97DA-4718-8CE3-2008BFFBBDF5}
	EndGlobalSection
EndGlobal
