
Microsoft Visual Studio Solution File, Format Version 12.00
# Visual Studio Version 16
VisualStudioVersion = 25.0.1706.6
MinimumVisualStudioVersion = 10.0.40219.1
Project("{FAE04EC0-301F-11D3-BF4B-00C04F79EFBC}") = "Advanced.Android", "Advanced\Advanced.Android\Advanced.Android.csproj", "{3B7B39A8-0A58-4D95-AF61-8BE17CB16790}"
EndProject
Project("{FAE04EC0-301F-11D3-BF4B-00C04F79EFBC}") = "Advanced.iOS", "Advanced\Advanced.iOS\Advanced.iOS.csproj", "{D7B3B84D-32B8-4132-A644-B76FDFCDD55B}"
EndProject
Project("{FAE04EC0-301F-11D3-BF4B-00C04F79EFBC}") = "Advanced", "Advanced\Advanced\Advanced.csproj", "{0DB827F3-2C20-49BB-B5AE-4F156874EC3A}"
EndProject
Global
	GlobalSection(SolutionConfigurationPlatforms) = preSolution
		Debug|Any CPU = Debug|Any CPU
		Release|Any CPU = Release|Any CPU
		Debug|iPhoneSimulator = Debug|iPhoneSimulator
		Release|iPhoneSimulator = Release|iPhoneSimulator
		Debug|iPhone = Debug|iPhone
		Release|iPhone = Release|iPhone
	EndGlobalSection
	GlobalSection(ProjectConfigurationPlatforms) = postSolution
		{3B7B39A8-0A58-4D95-AF61-8BE17CB16790}.Debug|Any CPU.ActiveCfg = Debug|Any CPU
		{3B7B39A8-0A58-4D95-AF61-8BE17CB16790}.Debug|Any CPU.Build.0 = Debug|Any CPU
		{3B7B39A8-0A58-4D95-AF61-8BE17CB16790}.Release|Any CPU.ActiveCfg = Release|Any CPU
		{3B7B39A8-0A58-4D95-AF61-8BE17CB16790}.Release|Any CPU.Build.0 = Release|Any CPU
		{3B7B39A8-0A58-4D95-AF61-8BE17CB16790}.Debug|iPhoneSimulator.ActiveCfg = Debug|Any CPU
		{3B7B39A8-0A58-4D95-AF61-8BE17CB16790}.Debug|iPhoneSimulator.Build.0 = Debug|Any CPU
		{3B7B39A8-0A58-4D95-AF61-8BE17CB16790}.Release|iPhoneSimulator.ActiveCfg = Release|Any CPU
		{3B7B39A8-0A58-4D95-AF61-8BE17CB16790}.Release|iPhoneSimulator.Build.0 = Release|Any CPU
		{3B7B39A8-0A58-4D95-AF61-8BE17CB16790}.Debug|iPhone.ActiveCfg = Debug|Any CPU
		{3B7B39A8-0A58-4D95-AF61-8BE17CB16790}.Debug|iPhone.Build.0 = Debug|Any CPU
		{3B7B39A8-0A58-4D95-AF61-8BE17CB16790}.Release|iPhone.ActiveCfg = Release|Any CPU
		{3B7B39A8-0A58-4D95-AF61-8BE17CB16790}.Release|iPhone.Build.0 = Release|Any CPU
		{D7B3B84D-32B8-4132-A644-B76FDFCDD55B}.Debug|Any CPU.ActiveCfg = Debug|iPhoneSimulator
		{D7B3B84D-32B8-4132-A644-B76FDFCDD55B}.Debug|Any CPU.Build.0 = Debug|iPhoneSimulator
		{D7B3B84D-32B8-4132-A644-B76FDFCDD55B}.Release|Any CPU.ActiveCfg = Release|iPhoneSimulator
		{D7B3B84D-32B8-4132-A644-B76FDFCDD55B}.Release|Any CPU.Build.0 = Release|iPhoneSimulator
		{D7B3B84D-32B8-4132-A644-B76FDFCDD55B}.Debug|iPhoneSimulator.ActiveCfg = Debug|iPhoneSimulator
		{D7B3B84D-32B8-4132-A644-B76FDFCDD55B}.Debug|iPhoneSimulator.Build.0 = Debug|iPhoneSimulator
		{D7B3B84D-32B8-4132-A644-B76FDFCDD55B}.Release|iPhoneSimulator.ActiveCfg = Release|iPhoneSimulator
		{D7B3B84D-32B8-4132-A644-B76FDFCDD55B}.Release|iPhoneSimulator.Build.0 = Release|iPhoneSimulator
		{D7B3B84D-32B8-4132-A644-B76FDFCDD55B}.Debug|iPhone.ActiveCfg = Debug|iPhone
		{D7B3B84D-32B8-4132-A644-B76FDFCDD55B}.Debug|iPhone.Build.0 = Debug|iPhone
		{D7B3B84D-32B8-4132-A644-B76FDFCDD55B}.Release|iPhone.ActiveCfg = Release|iPhone
		{D7B3B84D-32B8-4132-A644-B76FDFCDD55B}.Release|iPhone.Build.0 = Release|iPhone
		{0DB827F3-2C20-49BB-B5AE-4F156874EC3A}.Debug|Any CPU.ActiveCfg = Debug|Any CPU
		{0DB827F3-2C20-49BB-B5AE-4F156874EC3A}.Debug|Any CPU.Build.0 = Debug|Any CPU
		{0DB827F3-2C20-49BB-B5AE-4F156874EC3A}.Release|Any CPU.ActiveCfg = Release|Any CPU
		{0DB827F3-2C20-49BB-B5AE-4F156874EC3A}.Release|Any CPU.Build.0 = Release|Any CPU
		{0DB827F3-2C20-49BB-B5AE-4F156874EC3A}.Debug|iPhoneSimulator.ActiveCfg = Debug|Any CPU
		{0DB827F3-2C20-49BB-B5AE-4F156874EC3A}.Debug|iPhoneSimulator.Build.0 = Debug|Any CPU
		{0DB827F3-2C20-49BB-B5AE-4F156874EC3A}.Release|iPhoneSimulator.ActiveCfg = Release|Any CPU
		{0DB827F3-2C20-49BB-B5AE-4F156874EC3A}.Release|iPhoneSimulator.Build.0 = Release|Any CPU
		{0DB827F3-2C20-49BB-B5AE-4F156874EC3A}.Debug|iPhone.ActiveCfg = Debug|Any CPU
		{0DB827F3-2C20-49BB-B5AE-4F156874EC3A}.Debug|iPhone.Build.0 = Debug|Any CPU
		{0DB827F3-2C20-49BB-B5AE-4F156874EC3A}.Release|iPhone.ActiveCfg = Release|Any CPU
		{0DB827F3-2C20-49BB-B5AE-4F156874EC3A}.Release|iPhone.Build.0 = Release|Any CPU
	EndGlobalSection
	GlobalSection(SolutionProperties) = preSolution
		HideSolutionNode = FALSE
	EndGlobalSection
	GlobalSection(ExtensibilityGlobals) = postSolution
		SolutionGuid = {D5587877-6390-484E-B813-6FE3ED771B2B}
	EndGlobalSection
EndGlobal
